
Microsoft Visual Studio Solution File, Format Version 12.00
# Visual Studio Version 17
VisualStudioVersion = 17.13.35825.156 d17.13
MinimumVisualStudioVersion = 10.0.40219.1
Project("{FAE04EC0-301F-11D3-BF4B-00C04F79EFBC}") = "Otp.ConsoleApp", "src\Otp.ConsoleApp\Otp.ConsoleApp.csproj", "{55D21269-A017-40FE-BA23-A5CB803D92D8}"
EndProject
Project("{FAE04EC0-301F-11D3-BF4B-00C04F79EFBC}") = "Otp.Service", "src\Otp.Service\Otp.Service.csproj", "{8A113C46-11FB-4137-A493-50C5804ABF89}"
EndProject
Project("{2150E333-8FDC-42A3-9474-1A3956D46DE8}") = "Solution Items", "Solution Items", "{8EC462FD-D22E-90A8-E5CE-7E832BA40C5D}"
	ProjectSection(SolutionItems) = preProject
		Readme.md = Readme.md
	EndProjectSection
EndProject
Global
	GlobalSection(SolutionConfigurationPlatforms) = preSolution
		Debug|Any CPU = Debug|Any CPU
		Release|Any CPU = Release|Any CPU
	EndGlobalSection
	GlobalSection(ProjectConfigurationPlatforms) = postSolution
		{55D21269-A017-40FE-BA23-A5CB803D92D8}.Debug|Any CPU.ActiveCfg = Debug|Any CPU
		{55D21269-A017-40FE-BA23-A5CB803D92D8}.Debug|Any CPU.Build.0 = Debug|Any CPU
		{55D21269-A017-40FE-BA23-A5CB803D92D8}.Release|Any CPU.ActiveCfg = Release|Any CPU
		{55D21269-A017-40FE-BA23-A5CB803D92D8}.Release|Any CPU.Build.0 = Release|Any CPU
		{8A113C46-11FB-4137-A493-50C5804ABF89}.Debug|Any CPU.ActiveCfg = Debug|Any CPU
		{8A113C46-11FB-4137-A493-50C5804ABF89}.Debug|Any CPU.Build.0 = Debug|Any CPU
		{8A113C46-11FB-4137-A493-50C5804ABF89}.Release|Any CPU.ActiveCfg = Release|Any CPU
		{8A113C46-11FB-4137-A493-50C5804ABF89}.Release|Any CPU.Build.0 = Release|Any CPU
	EndGlobalSection
	GlobalSection(SolutionProperties) = preSolution
		HideSolutionNode = FALSE
	EndGlobalSection
	GlobalSection(ExtensibilityGlobals) = postSolution
		SolutionGuid = {42BC788E-9D8F-4CF1-B367-CC26FCBF7576}
	EndGlobalSection
EndGlobal
